
Microsoft Visual Studio Solution File, Format Version 12.00
# Visual Studio Version 17
VisualStudioVersion = 17.5.002.0
MinimumVisualStudioVersion = 10.0.40219.1
Project("{9A19103F-16F7-4668-BE54-9A1E7A4F7556}") = "Concurrency-limiter", "Concurrency-limiter\Concurrency-limiter.csproj", "{6623D326-EF94-4FFB-8BB6-C4ABD84F8FB3}"
EndProject
Project("{9A19103F-16F7-4668-BE54-9A1E7A4F7556}") = "Create-Chained-limiters", "Create-Chained-limiters\Create-Chained-limiters.csproj", "{65D7E6A6-F681-44E4-B1BA-CDE7A0FADCA1}"
EndProject
Project("{9A19103F-16F7-4668-BE54-9A1E7A4F7556}") = "Fixed-window-limiter", "Fixed-window-limiter\Fixed-window-limiter.csproj", "{B74B0C41-CE34-4249-89CD-7544A0540FBB}"
EndProject
Project("{9A19103F-16F7-4668-BE54-9A1E7A4F7556}") = "Token-Bucket-limiter", "Token-Bucket-limiter\Token-Bucket-limiter.csproj", "{867BF4DF-B7D6-4F19-A13B-FA518ABF4DB1}"
EndProject
Project("{9A19103F-16F7-4668-BE54-9A1E7A4F7556}") = "Sliding-Window-limiter", "Sliding-Window-limiter\Sliding-Window-limiter.csproj", "{83010375-0A38-4A1D-8827-05DCBA0B79CD}"
EndProject
Global
	GlobalSection(SolutionConfigurationPlatforms) = preSolution
		Debug|Any CPU = Debug|Any CPU
		Release|Any CPU = Release|Any CPU
	EndGlobalSection
	GlobalSection(ProjectConfigurationPlatforms) = postSolution
		{6623D326-EF94-4FFB-8BB6-C4ABD84F8FB3}.Debug|Any CPU.ActiveCfg = Debug|Any CPU
		{6623D326-EF94-4FFB-8BB6-C4ABD84F8FB3}.Debug|Any CPU.Build.0 = Debug|Any CPU
		{6623D326-EF94-4FFB-8BB6-C4ABD84F8FB3}.Release|Any CPU.ActiveCfg = Release|Any CPU
		{6623D326-EF94-4FFB-8BB6-C4ABD84F8FB3}.Release|Any CPU.Build.0 = Release|Any CPU
		{65D7E6A6-F681-44E4-B1BA-CDE7A0FADCA1}.Debug|Any CPU.ActiveCfg = Debug|Any CPU
		{65D7E6A6-F681-44E4-B1BA-CDE7A0FADCA1}.Debug|Any CPU.Build.0 = Debug|Any CPU
		{65D7E6A6-F681-44E4-B1BA-CDE7A0FADCA1}.Release|Any CPU.ActiveCfg = Release|Any CPU
		{65D7E6A6-F681-44E4-B1BA-CDE7A0FADCA1}.Release|Any CPU.Build.0 = Release|Any CPU
		{B74B0C41-CE34-4249-89CD-7544A0540FBB}.Debug|Any CPU.ActiveCfg = Debug|Any CPU
		{B74B0C41-CE34-4249-89CD-7544A0540FBB}.Debug|Any CPU.Build.0 = Debug|Any CPU
		{B74B0C41-CE34-4249-89CD-7544A0540FBB}.Release|Any CPU.ActiveCfg = Release|Any CPU
		{B74B0C41-CE34-4249-89CD-7544A0540FBB}.Release|Any CPU.Build.0 = Release|Any CPU
		{867BF4DF-B7D6-4F19-A13B-FA518ABF4DB1}.Debug|Any CPU.ActiveCfg = Debug|Any CPU
		{867BF4DF-B7D6-4F19-A13B-FA518ABF4DB1}.Debug|Any CPU.Build.0 = Debug|Any CPU
		{867BF4DF-B7D6-4F19-A13B-FA518ABF4DB1}.Release|Any CPU.ActiveCfg = Release|Any CPU
		{867BF4DF-B7D6-4F19-A13B-FA518ABF4DB1}.Release|Any CPU.Build.0 = Release|Any CPU
		{83010375-0A38-4A1D-8827-05DCBA0B79CD}.Debug|Any CPU.ActiveCfg = Debug|Any CPU
		{83010375-0A38-4A1D-8827-05DCBA0B79CD}.Debug|Any CPU.Build.0 = Debug|Any CPU
		{83010375-0A38-4A1D-8827-05DCBA0B79CD}.Release|Any CPU.ActiveCfg = Release|Any CPU
		{83010375-0A38-4A1D-8827-05DCBA0B79CD}.Release|Any CPU.Build.0 = Release|Any CPU
	EndGlobalSection
	GlobalSection(SolutionProperties) = preSolution
		HideSolutionNode = FALSE
	EndGlobalSection
	GlobalSection(ExtensibilityGlobals) = postSolution
		SolutionGuid = {055978B0-F480-416F-9109-E9A198F6572D}
	EndGlobalSection
EndGlobal
